# Build toolchain shared by the cards-gpu and cards-cpu profiles (conda-forge, linux-64).
# GCC 14 for the C++23 sources (and the static libstdc++ the bindings link); the CUDA 12.9
# compiler builds eagle's driver-only CUDA plugin and installs the CUDA-mode headers. It is
# also present in the CPU profile: header installs need nvcc at configure, never at run time.
# Driver floor implied: none to build; the plugin's cubins load on any CUDA 12 driver
# (>= 525.60.13, CUDA minor-version compatibility). Tested on 560.35.
# Generated by make_locks.py toolchain from toolchain.in (77 packages).
@EXPLICIT
https://conda.anaconda.org/conda-forge/linux-64/_openmp_mutex-4.5-20_gnu.conda#a9f577daf3de00bca7c3c76c0ecbd1de
https://conda.anaconda.org/conda-forge/linux-64/binutils_impl_linux-64-2.46.1-default_hfdba357_102.conda#a0c5e0b7f58c8ceeb08e5bc41251d5a2
https://conda.anaconda.org/conda-forge/linux-64/binutils_linux-64-2.46.1-default_h4852527_102.conda#32fd07abe84eb14f17c7f5cc6fa8df82
https://conda.anaconda.org/conda-forge/linux-64/bzip2-1.0.8-hda65f42_10.conda#e675fabcf81499adc7edf58124fb1e01
https://conda.anaconda.org/conda-forge/linux-64/c-ares-1.34.8-hebe6cf0_2.conda#3ad2b403be8fc5612b9159e2ce621f69
https://conda.anaconda.org/conda-forge/noarch/ca-certificates-2026.7.22-hbd8a1cb_0.conda#0f51e2391ade309db462a55611263e9c
https://conda.anaconda.org/conda-forge/linux-64/cmake-4.4.3-hff7ac6b_0.conda#e9d08c8f9a02853bfc6f8c3a4b0b19a4
https://conda.anaconda.org/conda-forge/noarch/cuda-cccl_linux-64-12.9.27-ha770c72_0.conda#87ff6381e33b76e5b9b179a2cdd005ec
https://conda.anaconda.org/conda-forge/noarch/cuda-crt-dev_linux-64-12.9.86-ha770c72_2.conda#79d280de61e18010df5997daea4743df
https://conda.anaconda.org/conda-forge/linux-64/cuda-crt-tools-12.9.86-ha770c72_2.conda#503a94e20d2690d534d676a764a1852c
https://conda.anaconda.org/conda-forge/linux-64/cuda-cudart-12.9.79-h5888daf_0.conda#cb15315d19b58bd9cd424084e58ad081
https://conda.anaconda.org/conda-forge/linux-64/cuda-cudart-dev-12.9.79-h5888daf_0.conda#ba38a7c3b4c14625de45784b773f0c71
https://conda.anaconda.org/conda-forge/noarch/cuda-cudart-dev_linux-64-12.9.79-h3f2d84a_0.conda#86e40eb67d83f1a58bdafdd44e5a77c6
https://conda.anaconda.org/conda-forge/linux-64/cuda-cudart-static-12.9.79-h5888daf_0.conda#d3c4ac48f4967f09dd910d9c15d40c81
https://conda.anaconda.org/conda-forge/noarch/cuda-cudart-static_linux-64-12.9.79-h3f2d84a_0.conda#b87bf315d81218dd63eb46cc1eaef775
https://conda.anaconda.org/conda-forge/noarch/cuda-cudart_linux-64-12.9.79-h3f2d84a_0.conda#64508631775fbbf9eca83c84b1df0cae
https://conda.anaconda.org/conda-forge/linux-64/cuda-driver-dev-12.9.79-h5888daf_0.conda#5ad47d2005474ac032502e61cc5ae034
https://conda.anaconda.org/conda-forge/noarch/cuda-driver-dev_linux-64-12.9.79-h3f2d84a_0.conda#d411828daa36ac84eab210ba3bbe5a64
https://conda.anaconda.org/conda-forge/linux-64/cuda-nvcc-12.9.86-hcdd1206_6.conda#02289b10ac97bac35ad1add086c5072a
https://conda.anaconda.org/conda-forge/noarch/cuda-nvcc-dev_linux-64-12.9.86-he91c749_2.conda#19d4e090217f0ea89d30bedb7461c048
https://conda.anaconda.org/conda-forge/linux-64/cuda-nvcc-impl-12.9.86-h85509e4_2.conda#67458d2685e7503933efa550f3ee40f3
https://conda.anaconda.org/conda-forge/linux-64/cuda-nvcc-tools-12.9.86-he02047a_2.conda#dc256c9864c2e8e9c817fbca1c84a4bc
https://conda.anaconda.org/conda-forge/linux-64/cuda-nvcc_linux-64-12.9.86-he0b4e1d_6.conda#359d05bc3ec5d3a467eb558e3844aea2
https://conda.anaconda.org/conda-forge/linux-64/cuda-nvrtc-12.9.86-hecca717_1.conda#53f0062e2243b26e43ddac0b5267c6a3
https://conda.anaconda.org/conda-forge/linux-64/cuda-nvrtc-dev-12.9.86-hecca717_1.conda#0d28090f4e63410e20397c7975612837
https://conda.anaconda.org/conda-forge/noarch/cuda-nvvm-dev_linux-64-12.9.86-ha770c72_2.conda#7b386291414c7eea113d25ac28a33772
https://conda.anaconda.org/conda-forge/linux-64/cuda-nvvm-impl-12.9.86-h4bc722e_2.conda#82125dd3c0c4aa009faa00e2829b93d8
https://conda.anaconda.org/conda-forge/linux-64/cuda-nvvm-tools-12.9.86-h4bc722e_2.conda#f9af26e4079adcd72688a8e8dbecb229
https://conda.anaconda.org/conda-forge/noarch/cuda-version-12.9-h4f385c5_3.conda#b6d5d7f1c171cbd228ea06b556cfa859
https://conda.anaconda.org/conda-forge/linux-64/gcc_impl_linux-64-14.4.0-h4b2a866_7.conda#e62b4fa9fe06f0f98ab41889347100e7
https://conda.anaconda.org/conda-forge/linux-64/gcc_linux-64-14.4.0-hc469d41_2.conda#2dec2e2f6d902853a2b1d9ae91c58cf5
https://conda.anaconda.org/conda-forge/linux-64/gxx_impl_linux-64-14.4.0-hc436dd5_7.conda#4061b18c1f94d4d6537355c373c3c2ee
https://conda.anaconda.org/conda-forge/linux-64/gxx_linux-64-14.4.0-h0047a55_2.conda#3cda1392ec0bcd8b908073c6b75e78a4
https://conda.anaconda.org/conda-forge/linux-64/icu-78.3-py310h44b86e0_2.conda#72a381cbad04f24b1c2a43ef707f45b4
https://conda.anaconda.org/conda-forge/noarch/kernel-headers_linux-64-5.14.0-he073ed8_3.conda#1e453742ed8f6b4250c66be1dd6ba4fe
https://conda.anaconda.org/conda-forge/linux-64/keyutils-1.6.3-h7cc23a3_1.conda#ba55d1b89fd7775e67de8291029b4059
https://conda.anaconda.org/conda-forge/linux-64/krb5-1.22.2-hbc21106_2.conda#53318d715316929a574f83591308b1f8
https://conda.anaconda.org/conda-forge/linux-64/ld_impl_linux-64-2.46.1-default_hbd61a6d_102.conda#449500f2c089da11c40f5c21312e3e07
https://conda.anaconda.org/conda-forge/linux-64/libcurl-8.22.0-ha042cf0_0.conda#e617deee7af8eb0c04f6296d12b54157
https://conda.anaconda.org/conda-forge/linux-64/libedit-3.1.20250104-pl5321h373387f_1.conda#50708d3b951d0f8e2d7f2df5b5edc040
https://conda.anaconda.org/conda-forge/linux-64/libev-4.33-h280c20c_3.conda#7bc31538d6e3fb349e897353969237ec
https://conda.anaconda.org/conda-forge/linux-64/libexpat-2.8.5-hd2095e1_0.conda#72cfd2b95b0540247220b42f58a148d7
https://conda.anaconda.org/conda-forge/linux-64/libffi-3.7.0-h81df57d_1.conda#6525a0b06aa4fd390795f0740636a9dd
https://conda.anaconda.org/conda-forge/linux-64/libgcc-16.2.0-ha9f2e26_7.conda#735629b400b70eeab21a2ba8f5b1c2ce
https://conda.anaconda.org/conda-forge/noarch/libgcc-devel_linux-64-14.4.0-hd9a9cd0_107.conda#7ac840c44da447c572e42d3b8bec4fd5
https://conda.anaconda.org/conda-forge/linux-64/libgomp-16.2.0-he0feb66_7.conda#d904c7ddd95e026254b4b80808ee9e12
https://conda.anaconda.org/conda-forge/linux-64/liblzma-5.8.3-hb03c661_1.conda#1390b7c5ac0b1d8e447bc5efa6d3c8c2
https://conda.anaconda.org/conda-forge/linux-64/libnghttp2-1.68.1-h74cf4be_1.conda#75d211f04ac87506f1f43420712a69fe
https://conda.anaconda.org/conda-forge/linux-64/libnsl-2.0.1-hb9d3cd8_1.conda#d864d34357c3b65a4b731f78c0801dc4
https://conda.anaconda.org/conda-forge/linux-64/libnvptxcompiler-dev-12.9.86-ha770c72_2.conda#3fd926c321c6dbf386aa14bd8b125bfb
https://conda.anaconda.org/conda-forge/noarch/libnvptxcompiler-dev_linux-64-12.9.86-ha770c72_2.conda#a66a909acf08924aced622903832a937
https://conda.anaconda.org/conda-forge/linux-64/libpsl-0.23.1-hd9e3e90_1.conda#77be60417aa572afcb48cbe0f967401d
https://conda.anaconda.org/conda-forge/linux-64/libpython-3.12.14-h0c77377_3_cpython.conda#d247b7632f09324c11f24b5270361385
https://conda.anaconda.org/conda-forge/linux-64/libsanitizer-14.4.0-hf39dbba_7.conda#0163aa93205e546cccb8ef3e2976c843
https://conda.anaconda.org/conda-forge/linux-64/libsqlite-3.53.4-h13e7031_1.conda#e72bbec309c2b0f37823ee7d4fabfcd3
https://conda.anaconda.org/conda-forge/linux-64/libssh2-1.11.1-h6154650_1.conda#5c526561e1d2a2e071941174eae84557
https://conda.anaconda.org/conda-forge/linux-64/libstdcxx-16.2.0-h934c35e_7.conda#9b6707e0caca917fa6ea9ee473f37a5d
https://conda.anaconda.org/conda-forge/noarch/libstdcxx-devel_linux-64-14.4.0-ha5b54cb_107.conda#1815acfc7f38970d76100a2d32c5e3f2
https://conda.anaconda.org/conda-forge/linux-64/libuuid-2.42.4-hcfc3c73_0.conda#54a948337e66706380ff24d6b5fde63f
https://conda.anaconda.org/conda-forge/linux-64/libuv-1.52.1-h280c20c_1.conda#01c4ed87826af55996768af6dbc936b4
https://conda.anaconda.org/conda-forge/linux-64/libxcrypt-4.4.38-h280c20c_0.conda#f7a7ff5a6ab331e037abd34f379a631d
https://conda.anaconda.org/conda-forge/linux-64/libzlib-1.3.2-h25fd6f3_3.conda#0de0122d9570a8ab637c6b73db268389
https://conda.anaconda.org/conda-forge/linux-64/make-4.4.1-hb03c661_3.conda#b4a198dc40024de2a59c1343e4ae4144
https://conda.anaconda.org/conda-forge/linux-64/ncurses-6.6-hdb14827_1.conda#ee6c0cd80a60961a1f48aa3e0b91f986
https://conda.anaconda.org/conda-forge/linux-64/ninja-1.13.2-h171cf75_1.conda#2db7a395d7dc2b6ed5effaf68fb99443
https://conda.anaconda.org/conda-forge/linux-64/openssl-3.6.5-h781a0a9_0.conda#5a51a2ea653f120240b1a9bf76e0aae9
https://conda.anaconda.org/conda-forge/noarch/packaging-26.3-pyhc364b38_0.conda#936687ed80f295a1f5dbcf8bd34c252c
https://conda.anaconda.org/conda-forge/noarch/pip-26.2.1-pyh8b19718_0.conda#77b6cf3b0689d9fc68561df0db9b856d
https://conda.anaconda.org/conda-forge/linux-64/python-3.12.14-h5f976f7_3_cpython.conda#98be3cf76eca2e8871f907a03aed3b84
https://conda.anaconda.org/conda-forge/linux-64/readline-8.3-hd6e31c0_1.conda#69c01c781e7c8190bbdaf79e3848c5ca
https://conda.anaconda.org/conda-forge/linux-64/rhash-1.4.6-hb03c661_2.conda#007602d697e07c11ff9864964eba5ee3
https://conda.anaconda.org/conda-forge/noarch/setuptools-84.0.0-pyh332efcf_0.conda#62ac906f1cd582c6c264c95625cb9d6f
https://conda.anaconda.org/conda-forge/noarch/sysroot_linux-64-2.34-h087de78_3.conda#b04e3a97151611d6a35c8c068b2a03a2
https://conda.anaconda.org/conda-forge/linux-64/tk-8.6.13-noxft_h1df4ec4_4.conda#676a2f9b1c4fcf57b70aa5c65f6c60d0
https://conda.anaconda.org/conda-forge/noarch/tzdata-2026c-h151e31d_0.conda#fcb489df604d100968b737f2cb6076c6
https://conda.anaconda.org/conda-forge/noarch/wheel-0.48.0-pyhd8ed1ab_0.conda#9a2124517bfd5d792e0f7b86eefdfeb8
https://conda.anaconda.org/conda-forge/linux-64/zstd-1.5.7-hb78ec9c_7.conda#aa459086047c0e5e27023ab19f8cb86a
